PODS:
  - GoogleMaps (2.0.1):
    - GoogleMaps/Maps (= 2.0.1)
  - GoogleMaps/Base (2.0.1)
  - GoogleMaps/Maps (2.0.1):
    - GoogleMaps/Base (= 2.0.1)
  - LMGeocoder (1.0.8)

DEPENDENCIES:
  - GoogleMaps
  - LMGeocoder (~> 1.0)

SPEC CHECKSUMS:
  GoogleMaps: f09da64fc987c1aa29394567c3cab5a3df83c402
  LMGeocoder: 7682148ce0bc55e483ceaa0eefdae4494d7102be

PODFILE CHECKSUM: d28620c913a2c2a44fc7f4457528fbf8a0ad483f

COCOAPODS: 1.0.1
