// !$*UTF8*$!
{
	archiveVersion = 1;
	classes = {
	};
	objectVersion = 46;
	objects = {

/* Begin PBXBuildFile section */
		4055AEB61D80536300A94426 /* GoogleService-Info.plist in Resources */ = {isa = PBXBuildFile; fileRef = 4055AEB51D80536300A94426 /* GoogleService-Info.plist */; };
		4055AEB81D80563500A94426 /* GoogleMobileAds.framework in Frameworks */ = {isa = PBXBuildFile; fileRef = 4055AEB71D80563500A94426 /* GoogleMobileAds.framework */; };
		4055AEBA1D805A3000A94426 /* MainViewController.swift in Sources */ = {isa = PBXBuildFile; fileRef = 4055AEB91D805A3000A94426 /* MainViewController.swift */; };
		6AB05B6A15EF75EABDA2CAFA /* Pods_StorePromo.framework in Frameworks */ = {isa = PBXBuildFile; fileRef = FDAB32B7E57379EA5932FBD5 /* Pods_StorePromo.framework */; };
		84D3EA961D73445B00EBEBFC /* CoreLocation.framework in Frameworks */ = {isa = PBXBuildFile; fileRef = 84D3EA951D73445B00EBEBFC /* CoreLocation.framework */; };
		84EFB8C31D49F4FC004243CE /* AppDelegate.swift in Sources */ = {isa = PBXBuildFile; fileRef = 84EFB8C21D49F4FC004243CE /* AppDelegate.swift */; };
		84EFB8C81D49F4FC004243CE /* Main.storyboard in Resources */ = {isa = PBXBuildFile; fileRef = 84EFB8C61D49F4FC004243CE /* Main.storyboard */; };
		84EFB8CA1D49F4FC004243CE /* Assets.xcassets in Resources */ = {isa = PBXBuildFile; fileRef = 84EFB8C91D49F4FC004243CE /* Assets.xcassets */; };
		84EFB8CD1D49F4FC004243CE /* LaunchScreen.storyboard in Resources */ = {isa = PBXBuildFile; fileRef = 84EFB8CB1D49F4FC004243CE /* LaunchScreen.storyboard */; };
		84EFB8D51D49F815004243CE /* ShopTableViewController.swift in Sources */ = {isa = PBXBuildFile; fileRef = 84EFB8D41D49F815004243CE /* ShopTableViewController.swift */; };
		84EFB8D71D4A00E5004243CE /* ShopTableViewCell.swift in Sources */ = {isa = PBXBuildFile; fileRef = 84EFB8D61D4A00E5004243CE /* ShopTableViewCell.swift */; };
		84EFB8D91D4A09D4004243CE /* DetailViewController.swift in Sources */ = {isa = PBXBuildFile; fileRef = 84EFB8D81D4A09D4004243CE /* DetailViewController.swift */; };
		84EFB8DB1D4A0B79004243CE /* Shop.swift in Sources */ = {isa = PBXBuildFile; fileRef = 84EFB8DA1D4A0B79004243CE /* Shop.swift */; };
		84EFB8DE1D4AA0B2004243CE /* TabController.swift in Sources */ = {isa = PBXBuildFile; fileRef = 84EFB8DD1D4AA0B2004243CE /* TabController.swift */; };
		84EFB8E01D4ABC44004243CE /* MapViewController.swift in Sources */ = {isa = PBXBuildFile; fileRef = 84EFB8DF1D4ABC44004243CE /* MapViewController.swift */; };
/* End PBXBuildFile section */

/* Begin PBXFileReference section */
		4055AEB51D80536300A94426 /* GoogleService-Info.plist */ = {isa = PBXFileReference; fileEncoding = 4; lastKnownFileType = text.plist.xml; path = "GoogleService-Info.plist"; sourceTree = "<group>"; };
		4055AEB71D80563500A94426 /* GoogleMobileAds.framework */ = {isa = PBXFileReference; lastKnownFileType = wrapper.framework; path = GoogleMobileAds.framework; sourceTree = "<group>"; };
		4055AEB91D805A3000A94426 /* MainViewController.swift */ = {isa = PBXFileReference; fileEncoding = 4; lastKnownFileType = sourcecode.swift; path = MainViewController.swift; sourceTree = "<group>"; };
		6E0AAD86AE4E82DD92DE87CC /* Pods-StorePromo.release.xcconfig */ = {isa = PBXFileReference; includeInIndex = 1; lastKnownFileType = text.xcconfig; name = "Pods-StorePromo.release.xcconfig"; path = "Pods/Target Support Files/Pods-StorePromo/Pods-StorePromo.release.xcconfig"; sourceTree = "<group>"; };
		84D3EA951D73445B00EBEBFC /* CoreLocation.framework */ = {isa = PBXFileReference; lastKnownFileType = wrapper.framework; name = CoreLocation.framework; path = System/Library/Frameworks/CoreLocation.framework; sourceTree = SDKROOT; };
		84EFB8BF1D49F4FC004243CE /* StorePromo.app */ = {isa = PBXFileReference; explicitFileType = wrapper.application; includeInIndex = 0; path = StorePromo.app; sourceTree = BUILT_PRODUCTS_DIR; };
		84EFB8C21D49F4FC004243CE /* AppDelegate.swift */ = {isa = PBXFileReference; lastKnownFileType = sourcecode.swift; path = AppDelegate.swift; sourceTree = "<group>"; };
		84EFB8C71D49F4FC004243CE /* Base */ = {isa = PBXFileReference; lastKnownFileType = file.storyboard; name = Base; path = Base.lproj/Main.storyboard; sourceTree = "<group>"; };
		84EFB8C91D49F4FC004243CE /* Assets.xcassets */ = {isa = PBXFileReference; lastKnownFileType = folder.assetcatalog; path = Assets.xcassets; sourceTree = "<group>"; };
		84EFB8CC1D49F4FC004243CE /* Base */ = {isa = PBXFileReference; lastKnownFileType = file.storyboard; name = Base; path = Base.lproj/LaunchScreen.storyboard; sourceTree = "<group>"; };
		84EFB8CE1D49F4FC004243CE /* Info.plist */ = {isa = PBXFileReference; lastKnownFileType = text.plist.xml; path = Info.plist; sourceTree = "<group>"; };
		84EFB8D41D49F815004243CE /* ShopTableViewController.swift */ = {isa = PBXFileReference; fileEncoding = 4; lastKnownFileType = sourcecode.swift; path = ShopTableViewController.swift; sourceTree = "<group>"; };
		84EFB8D61D4A00E5004243CE /* ShopTableViewCell.swift */ = {isa = PBXFileReference; fileEncoding = 4; lastKnownFileType = sourcecode.swift; path = ShopTableViewCell.swift; sourceTree = "<group>"; };
		84EFB8D81D4A09D4004243CE /* DetailViewController.swift */ = {isa = PBXFileReference; fileEncoding = 4; lastKnownFileType = sourcecode.swift; path = DetailViewController.swift; sourceTree = "<group>"; };
		84EFB8DA1D4A0B79004243CE /* Shop.swift */ = {isa = PBXFileReference; fileEncoding = 4; lastKnownFileType = sourcecode.swift; path = Shop.swift; sourceTree = "<group>"; };
		84EFB8DD1D4AA0B2004243CE /* TabController.swift */ = {isa = PBXFileReference; fileEncoding = 4; lastKnownFileType = sourcecode.swift; path = TabController.swift; sourceTree = "<group>"; };
		84EFB8DF1D4ABC44004243CE /* MapViewController.swift */ = {isa = PBXFileReference; fileEncoding = 4; lastKnownFileType = sourcecode.swift; path = MapViewController.swift; sourceTree = "<group>"; };
		AC51D6D36EA209A957D6E71A /* Pods-StorePromo.debug.xcconfig */ = {isa = PBXFileReference; includeInIndex = 1; lastKnownFileType = text.xcconfig; name = "Pods-StorePromo.debug.xcconfig"; path = "Pods/Target Support Files/Pods-StorePromo/Pods-StorePromo.debug.xcconfig"; sourceTree = "<group>"; };
		FDAB32B7E57379EA5932FBD5 /* Pods_StorePromo.framework */ = {isa = PBXFileReference; explicitFileType = wrapper.framework; includeInIndex = 0; path = Pods_StorePromo.framework; sourceTree = BUILT_PRODUCTS_DIR; };
/* End PBXFileReference section */

/* Begin PBXFrameworksBuildPhase section */
		84EFB8BC1D49F4FC004243CE /* Frameworks */ = {
			isa = PBXFrameworksBuildPhase;
			buildActionMask = 2147483647;
			files = (
				4055AEB81D80563500A94426 /* GoogleMobileAds.framework in Frameworks */,
				84D3EA961D73445B00EBEBFC /* CoreLocation.framework in Frameworks */,
				6AB05B6A15EF75EABDA2CAFA /* Pods_StorePromo.framework in Frameworks */,
			);
			runOnlyForDeploymentPostprocessing = 0;
		};
/* End PBXFrameworksBuildPhase section */

/* Begin PBXGroup section */
		6386B8C47B9FCD48DEB5C387 /* Frameworks */ = {
			isa = PBXGroup;
			children = (
				4055AEB71D80563500A94426 /* GoogleMobileAds.framework */,
				84D3EA951D73445B00EBEBFC /* CoreLocation.framework */,
				FDAB32B7E57379EA5932FBD5 /* Pods_StorePromo.framework */,
			);
			name = Frameworks;
			sourceTree = "<group>";
		};
		66B822C6B718D4DE51041C55 /* Pods */ = {
			isa = PBXGroup;
			children = (
				AC51D6D36EA209A957D6E71A /* Pods-StorePromo.debug.xcconfig */,
				6E0AAD86AE4E82DD92DE87CC /* Pods-StorePromo.release.xcconfig */,
			);
			name = Pods;
			sourceTree = "<group>";
		};
		84EFB8B61D49F4FC004243CE = {
			isa = PBXGroup;
			children = (
				84EFB8C11D49F4FC004243CE /* StorePromo */,
				84EFB8C01D49F4FC004243CE /* Products */,
				66B822C6B718D4DE51041C55 /* Pods */,
				6386B8C47B9FCD48DEB5C387 /* Frameworks */,
			);
			sourceTree = "<group>";
		};
		84EFB8C01D49F4FC004243CE /* Products */ = {
			isa = PBXGroup;
			children = (
				84EFB8BF1D49F4FC004243CE /* StorePromo.app */,
			);
			name = Products;
			sourceTree = "<group>";
		};
		84EFB8C11D49F4FC004243CE /* StorePromo */ = {
			isa = PBXGroup;
			children = (
				84EFB8C21D49F4FC004243CE /* AppDelegate.swift */,
				84EFB8D41D49F815004243CE /* ShopTableViewController.swift */,
				84EFB8D81D4A09D4004243CE /* DetailViewController.swift */,
				4055AEB91D805A3000A94426 /* MainViewController.swift */,
				84EFB8DF1D4ABC44004243CE /* MapViewController.swift */,
				84EFB8C61D49F4FC004243CE /* Main.storyboard */,
				84EFB8C91D49F4FC004243CE /* Assets.xcassets */,
				84EFB8CB1D49F4FC004243CE /* LaunchScreen.storyboard */,
				84EFB8CE1D49F4FC004243CE /* Info.plist */,
				4055AEB51D80536300A94426 /* GoogleService-Info.plist */,
				84EFB8D61D4A00E5004243CE /* ShopTableViewCell.swift */,
				84EFB8DA1D4A0B79004243CE /* Shop.swift */,
				84EFB8DD1D4AA0B2004243CE /* TabController.swift */,
			);
			path = StorePromo;
			sourceTree = "<group>";
		};
/* End PBXGroup section */

/* Begin PBXNativeTarget section */
		84EFB8BE1D49F4FC004243CE /* StorePromo */ = {
			isa = PBXNativeTarget;
			buildConfigurationList = 84EFB8D11D49F4FC004243CE /* Build configuration list for PBXNativeTarget "StorePromo" */;
			buildPhases = (
				7D039B5EB9865562E76C920B /* [CP] Check Pods Manifest.lock */,
				84EFB8BB1D49F4FC004243CE /* Sources */,
				84EFB8BC1D49F4FC004243CE /* Frameworks */,
				84EFB8BD1D49F4FC004243CE /* Resources */,
				763FCF887F3A7462452659F1 /* [CP] Embed Pods Frameworks */,
				32E65025B6A9A8D09140BEF5 /* [CP] Copy Pods Resources */,
			);
			buildRules = (
			);
			dependencies = (
			);
			name = StorePromo;
			productName = StorePromo;
			productReference = 84EFB8BF1D49F4FC004243CE /* StorePromo.app */;
			productType = "com.apple.product-type.application";
		};
/* End PBXNativeTarget section */

/* Begin PBXProject section */
		84EFB8B71D49F4FC004243CE /* Project object */ = {
			isa = PBXProject;
			attributes = {
				LastSwiftUpdateCheck = 0730;
				LastUpgradeCheck = 0730;
				ORGANIZATIONNAME = fahrenheit;
				TargetAttributes = {
					84EFB8BE1D49F4FC004243CE = {
						CreatedOnToolsVersion = 7.3;
						DevelopmentTeam = 66W9KV8MC3;
					};
				};
			};
			buildConfigurationList = 84EFB8BA1D49F4FC004243CE /* Build configuration list for PBXProject "StorePromo" */;
			compatibilityVersion = "Xcode 3.2";
			developmentRegion = English;
			hasScannedForEncodings = 0;
			knownRegions = (
				en,
				Base,
			);
			mainGroup = 84EFB8B61D49F4FC004243CE;
			productRefGroup = 84EFB8C01D49F4FC004243CE /* Products */;
			projectDirPath = "";
			projectRoot = "";
			targets = (
				84EFB8BE1D49F4FC004243CE /* StorePromo */,
			);
		};
/* End PBXProject section */

/* Begin PBXResourcesBuildPhase section */
		84EFB8BD1D49F4FC004243CE /* Resources */ = {
			isa = PBXResourcesBuildPhase;
			buildActionMask = 2147483647;
			files = (
				84EFB8CD1D49F4FC004243CE /* LaunchScreen.storyboard in Resources */,
				4055AEB61D80536300A94426 /* GoogleService-Info.plist in Resources */,
				84EFB8CA1D49F4FC004243CE /* Assets.xcassets in Resources */,
				84EFB8C81D49F4FC004243CE /* Main.storyboard in Resources */,
			);
			runOnlyForDeploymentPostprocessing = 0;
		};
/* End PBXResourcesBuildPhase section */

/* Begin PBXShellScriptBuildPhase section */
		32E65025B6A9A8D09140BEF5 /* [CP] Copy Pods Resources */ = {
			isa = PBXShellScriptBuildPhase;
			buildActionMask = 2147483647;
			files = (
			);
			inputPaths = (
			);
			name = "[CP] Copy Pods Resources";
			outputPaths = (
			);
			runOnlyForDeploymentPostprocessing = 0;
			shellPath = /bin/sh;
			shellScript = "\"${SRCROOT}/Pods/Target Support Files/Pods-StorePromo/Pods-StorePromo-resources.sh\"\n";
			showEnvVarsInLog = 0;
		};
		763FCF887F3A7462452659F1 /* [CP] Embed Pods Frameworks */ = {
			isa = PBXShellScriptBuildPhase;
			buildActionMask = 2147483647;
			files = (
			);
			inputPaths = (
			);
			name = "[CP] Embed Pods Frameworks";
			outputPaths = (
			);
			runOnlyForDeploymentPostprocessing = 0;
			shellPath = /bin/sh;
			shellScript = "\"${SRCROOT}/Pods/Target Support Files/Pods-StorePromo/Pods-StorePromo-frameworks.sh\"\n";
			showEnvVarsInLog = 0;
		};
		7D039B5EB9865562E76C920B /* [CP] Check Pods Manifest.lock */ = {
			isa = PBXShellScriptBuildPhase;
			buildActionMask = 2147483647;
			files = (
			);
			inputPaths = (
			);
			name = "[CP] Check Pods Manifest.lock";
			outputPaths = (
			);
			runOnlyForDeploymentPostprocessing = 0;
			shellPath = /bin/sh;
			shellScript = "diff \"${PODS_ROOT}/../Podfile.lock\" \"${PODS_ROOT}/Manifest.lock\" > /dev/null\nif [[ $? != 0 ]] ; then\n    cat << EOM\nerror: The sandbox is not in sync with the Podfile.lock. Run 'pod install' or update your CocoaPods installation.\nEOM\n    exit 1\nfi\n";
			showEnvVarsInLog = 0;
		};
/* End PBXShellScriptBuildPhase section */

/* Begin PBXSourcesBuildPhase section */
		84EFB8BB1D49F4FC004243CE /* Sources */ = {
			isa = PBXSourcesBuildPhase;
			buildActionMask = 2147483647;
			files = (
				84EFB8D71D4A00E5004243CE /* ShopTableViewCell.swift in Sources */,
				84EFB8DE1D4AA0B2004243CE /* TabController.swift in Sources */,
				84EFB8C31D49F4FC004243CE /* AppDelegate.swift in Sources */,
				84EFB8D51D49F815004243CE /* ShopTableViewController.swift in Sources */,
				84EFB8DB1D4A0B79004243CE /* Shop.swift in Sources */,
				84EFB8D91D4A09D4004243CE /* DetailViewController.swift in Sources */,
				84EFB8E01D4ABC44004243CE /* MapViewController.swift in Sources */,
				4055AEBA1D805A3000A94426 /* MainViewController.swift in Sources */,
			);
			runOnlyForDeploymentPostprocessing = 0;
		};
/* End PBXSourcesBuildPhase section */

/* Begin PBXVariantGroup section */
		84EFB8C61D49F4FC004243CE /* Main.storyboard */ = {
			isa = PBXVariantGroup;
			children = (
				84EFB8C71D49F4FC004243CE /* Base */,
			);
			name = Main.storyboard;
			sourceTree = "<group>";
		};
		84EFB8CB1D49F4FC004243CE /* LaunchScreen.storyboard */ = {
			isa = PBXVariantGroup;
			children = (
				84EFB8CC1D49F4FC004243CE /* Base */,
			);
			name = LaunchScreen.storyboard;
			sourceTree = "<group>";
		};
/* End PBXVariantGroup section */

/* Begin XCBuildConfiguration section */
		84EFB8CF1D49F4FC004243CE /* Debug */ = {
			isa = XCBuildConfiguration;
			buildSettings = {
				ALWAYS_SEARCH_USER_PATHS = NO;
				CLANG_ANALYZER_NONNULL = YES;
				CLANG_CXX_LANGUAGE_STANDARD = "gnu++0x";
				CLANG_CXX_LIBRARY = "libc++";
				CLANG_ENABLE_MODULES = YES;
				CLANG_ENABLE_OBJC_ARC = YES;
				CLANG_WARN_BOOL_CONVERSION = YES;
				CLANG_WARN_CONSTANT_CONVERSION = YES;
				CLANG_WARN_DIRECT_OBJC_ISA_USAGE = YES_ERROR;
				CLANG_WARN_EMPTY_BODY = YES;
				CLANG_WARN_ENUM_CONVERSION = YES;
				CLANG_WARN_INT_CONVERSION = YES;
				CLANG_WARN_OBJC_ROOT_CLASS = YES_ERROR;
				CLANG_WARN_UNREACHABLE_CODE = YES;
				CLANG_WARN__DUPLICATE_METHOD_MATCH = YES;
				"CODE_SIGN_IDENTITY[sdk=iphoneos*]" = "iPhone Developer";
				COPY_PHASE_STRIP = NO;
				DEBUG_INFORMATION_FORMAT = dwarf;
				ENABLE_STRICT_OBJC_MSGSEND = YES;
				ENABLE_TESTABILITY = YES;
				GCC_C_LANGUAGE_STANDARD = gnu99;
				GCC_DYNAMIC_NO_PIC = NO;
				GCC_NO_COMMON_BLOCKS = YES;
				GCC_OPTIMIZATION_LEVEL = 0;
				GCC_PREPROCESSOR_DEFINITIONS = (
					"DEBUG=1",
					"$(inherited)",
				);
				GCC_WARN_64_TO_32_BIT_CONVERSION = YES;
				GCC_WARN_ABOUT_RETURN_TYPE = YES_ERROR;
				GCC_WARN_UNDECLARED_SELECTOR = YES;
				GCC_WARN_UNINITIALIZED_AUTOS = YES_AGGRESSIVE;
				GCC_WARN_UNUSED_FUNCTION = YES;
				GCC_WARN_UNUSED_VARIABLE = YES;
				IPHONEOS_DEPLOYMENT_TARGET = 9.3;
				MTL_ENABLE_DEBUG_INFO = YES;
				ONLY_ACTIVE_ARCH = YES;
				SDKROOT = iphoneos;
				SWIFT_OPTIMIZATION_LEVEL = "-Onone";
				TARGETED_DEVICE_FAMILY = "1,2";
			};
			name = Debug;
		};
		84EFB8D01D49F4FC004243CE /* Release */ = {
			isa = XCBuildConfiguration;
			buildSettings = {
				ALWAYS_SEARCH_USER_PATHS = NO;
				CLANG_ANALYZER_NONNULL = YES;
				CLANG_CXX_LANGUAGE_STANDARD = "gnu++0x";
				CLANG_CXX_LIBRARY = "libc++";
				CLANG_ENABLE_MODULES = YES;
				CLANG_ENABLE_OBJC_ARC = YES;
				CLANG_WARN_BOOL_CONVERSION = YES;
				CLANG_WARN_CONSTANT_CONVERSION = YES;
				CLANG_WARN_DIRECT_OBJC_ISA_USAGE = YES_ERROR;
				CLANG_WARN_EMPTY_BODY = YES;
				CLANG_WARN_ENUM_CONVERSION = YES;
				CLANG_WARN_INT_CONVERSION = YES;
				CLANG_WARN_OBJC_ROOT_CLASS = YES_ERROR;
				CLANG_WARN_UNREACHABLE_CODE = YES;
				CLANG_WARN__DUPLICATE_METHOD_MATCH = YES;
				"CODE_SIGN_IDENTITY[sdk=iphoneos*]" = "iPhone Developer";
				COPY_PHASE_STRIP = NO;
				DEBUG_INFORMATION_FORMAT = "dwarf-with-dsym";
				ENABLE_NS_ASSERTIONS = NO;
				ENABLE_STRICT_OBJC_MSGSEND = YES;
				GCC_C_LANGUAGE_STANDARD = gnu99;
				GCC_NO_COMMON_BLOCKS = YES;
				GCC_WARN_64_TO_32_BIT_CONVERSION = YES;
				GCC_WARN_ABOUT_RETURN_TYPE = YES_ERROR;
				GCC_WARN_UNDECLARED_SELECTOR = YES;
				GCC_WARN_UNINITIALIZED_AUTOS = YES_AGGRESSIVE;
				GCC_WARN_UNUSED_FUNCTION = YES;
				GCC_WARN_UNUSED_VARIABLE = YES;
				IPHONEOS_DEPLOYMENT_TARGET = 9.3;
				MTL_ENABLE_DEBUG_INFO = NO;
				SDKROOT = iphoneos;
				TARGETED_DEVICE_FAMILY = "1,2";
				VALIDATE_PRODUCT = YES;
			};
			name = Release;
		};
		84EFB8D21D49F4FC004243CE /* Debug */ = {
			isa = XCBuildConfiguration;
			baseConfigurationReference = AC51D6D36EA209A957D6E71A /* Pods-StorePromo.debug.xcconfig */;
			buildSettings = {
				ASSETCATALOG_COMPILER_APPICON_NAME = AppIcon;
				CODE_SIGN_IDENTITY = "iPhone Developer";
				FRAMEWORK_SEARCH_PATHS = (
					"$(inherited)",
					"$(PROJECT_DIR)",
				);
				INFOPLIST_FILE = StorePromo/Info.plist;
				IPHONEOS_DEPLOYMENT_TARGET = 9.0;
				LD_RUNPATH_SEARCH_PATHS = "$(inherited) @executable_path/Frameworks";
				PRODUCT_BUNDLE_IDENTIFIER = com.fahrenheit.StorePromo;
				PRODUCT_NAME = "$(TARGET_NAME)";
			};
			name = Debug;
		};
		84EFB8D31D49F4FC004243CE /* Release */ = {
			isa = XCBuildConfiguration;
			baseConfigurationReference = 6E0AAD86AE4E82DD92DE87CC /* Pods-StorePromo.release.xcconfig */;
			buildSettings = {
				ASSETCATALOG_COMPILER_APPICON_NAME = AppIcon;
				CODE_SIGN_IDENTITY = "iPhone Developer";
				FRAMEWORK_SEARCH_PATHS = (
					"$(inherited)",
					"$(PROJECT_DIR)",
				);
				INFOPLIST_FILE = StorePromo/Info.plist;
				IPHONEOS_DEPLOYMENT_TARGET = 9.0;
				LD_RUNPATH_SEARCH_PATHS = "$(inherited) @executable_path/Frameworks";
				PRODUCT_BUNDLE_IDENTIFIER = com.fahrenheit.StorePromo;
				PRODUCT_NAME = "$(TARGET_NAME)";
			};
			name = Release;
		};
/* End XCBuildConfiguration section */

/* Begin XCConfigurationList section */
		84EFB8BA1D49F4FC004243CE /* Build configuration list for PBXProject "StorePromo" */ = {
			isa = XCConfigurationList;
			buildConfigurations = (
				84EFB8CF1D49F4FC004243CE /* Debug */,
				84EFB8D01D49F4FC004243CE /* Release */,
			);
			defaultConfigurationIsVisible = 0;
			defaultConfigurationName = Release;
		};
		84EFB8D11D49F4FC004243CE /* Build configuration list for PBXNativeTarget "StorePromo" */ = {
			isa = XCConfigurationList;
			buildConfigurations = (
				84EFB8D21D49F4FC004243CE /* Debug */,
				84EFB8D31D49F4FC004243CE /* Release */,
			);
			defaultConfigurationIsVisible = 0;
			defaultConfigurationName = Release;
		};
/* End XCConfigurationList section */
	};
	rootObject = 84EFB8B71D49F4FC004243CE /* Project object */;
}
